# This file is automatically @generated by Cargo.
# It is not intended for manual editing.
version = 4

[[package]]
name = "hw5"
version = "0.1.0"
dependencies = [
 "jedvek",
]

[[package]]
name = "jedvek"
version = "0.2.1"
source = "registry+https://github.com/rust-lang/crates.io-index"
checksum = "2232a3f00adf995e24af3f0d768e2037b3dcc4905244f412848476dc697db441"
